<Solution>
  <Project Path="SovientSolitaire.Engine/SovietSolitaire.Engine.csproj" Id="0d209eb1-177e-4e83-8efd-cbf919da1669" />
  <Project Path="SovietSolitaire.KNI.Web/SovietSolitaire.KNI.Web.csproj" Id="bad92f91-5255-4b57-96e4-0a51416178ae" />
  <Project Path="SovietSolitaire/SovietSolitaire.DesktopGL.csproj" />
</Solution>
